
Microsoft Visual Studio Solution File, Format Version 12.00
# Visual Studio Version 17
VisualStudioVersion = 17.1.32319.34
MinimumVisualStudioVersion = 10.0.40219.1
Project("{FAE04EC0-301F-11D3-BF4B-00C04F79EFBC}") = "DemoSession4_ASPNET_CORE_MVC", "DemoSession4_ASPNET_CORE_MVC\DemoSession4_ASPNET_CORE_MVC.csproj", "{8E276D2D-068E-45FE-9D01-27B804A79CA4}"
EndProject
Global
	GlobalSection(SolutionConfigurationPlatforms) = preSolution
		Debug|Any CPU = Debug|Any CPU
		Release|Any CPU = Release|Any CPU
	EndGlobalSection
	GlobalSection(ProjectConfigurationPlatforms) = postSolution
		{8E276D2D-068E-45FE-9D01-27B804A79CA4}.Debug|Any CPU.ActiveCfg = Debug|Any CPU
		{8E276D2D-068E-45FE-9D01-27B804A79CA4}.Debug|Any CPU.Build.0 = Debug|Any CPU
		{8E276D2D-068E-45FE-9D01-27B804A79CA4}.Release|Any CPU.ActiveCfg = Release|Any CPU
		{8E276D2D-068E-45FE-9D01-27B804A79CA4}.Release|Any CPU.Build.0 = Release|Any CPU
	EndGlobalSection
	GlobalSection(SolutionProperties) = preSolution
		HideSolutionNode = FALSE
	EndGlobalSection
	GlobalSection(ExtensibilityGlobals) = postSolution
		SolutionGuid = {BAD7F86B-3ACC-4B92-A400-96C38B2894E3}
	EndGlobalSection
EndGlobal
